// !$*UTF8*$!
{
	archiveVersion = 1;
	classes = {
	};
	objectVersion = 56;
	objects = {

/* Begin PBXBuildFile section */
		B44235D72B5F188900000182 /* LikeViewController.swift in Sources */ = {isa = PBXBuildFile; fileRef = B44235D62B5F188900000182 /* LikeViewController.swift */; };
		B44235DA2B5F1A1E00000182 /* LikeViewCell.swift in Sources */ = {isa = PBXBuildFile; fileRef = B44235D92B5F1A1E00000182 /* LikeViewCell.swift */; };
		B44235DD2B5F2FA000000182 /* Song.xcdatamodeld in Sources */ = {isa = PBXBuildFile; fileRef = B44235DB2B5F2FA000000182 /* Song.xcdatamodeld */; };
		B44235DF2B5F303900000182 /* Song.swift in Sources */ = {isa = PBXBuildFile; fileRef = B44235DE2B5F303900000182 /* Song.swift */; };
		B44235E12B5F308700000182 /* CoreDataStack.swift in Sources */ = {isa = PBXBuildFile; fileRef = B44235E02B5F308700000182 /* CoreDataStack.swift */; };
		B44235E32B5F323100000182 /* SongRepository.swift in Sources */ = {isa = PBXBuildFile; fileRef = B44235E22B5F323100000182 /* SongRepository.swift */; };
		B44842EA2B18D3D000B204E4 /* AudioPlayerManager.swift in Sources */ = {isa = PBXBuildFile; fileRef = B44842E92B18D3D000B204E4 /* AudioPlayerManager.swift */; };
		B4BFE2A42B17973200BC14DE /* AppDelegate.swift in Sources */ = {isa = PBXBuildFile; fileRef = B4BFE2A32B17973200BC14DE /* AppDelegate.swift */; };
		B4BFE2A62B17973200BC14DE /* SceneDelegate.swift in Sources */ = {isa = PBXBuildFile; fileRef = B4BFE2A52B17973200BC14DE /* SceneDelegate.swift */; };
		B4BFE2A82B17973200BC14DE /* ViewController.swift in Sources */ = {isa = PBXBuildFile; fileRef = B4BFE2A72B17973200BC14DE /* ViewController.swift */; };
		B4BFE2AB2B17973300BC14DE /* Main.storyboard in Resources */ = {isa = PBXBuildFile; fileRef = B4BFE2A92B17973300BC14DE /* Main.storyboard */; };
		B4BFE2AD2B17973700BC14DE /* Assets.xcassets in Resources */ = {isa = PBXBuildFile; fileRef = B4BFE2AC2B17973700BC14DE /* Assets.xcassets */; };
		B4BFE2B02B17973700BC14DE /* LaunchScreen.storyboard in Resources */ = {isa = PBXBuildFile; fileRef = B4BFE2AE2B17973700BC14DE /* LaunchScreen.storyboard */; };
		B4BFE2BB2B179F5000BC14DE /* SearchApiRequest.swift in Sources */ = {isa = PBXBuildFile; fileRef = B4BFE2BA2B179F5000BC14DE /* SearchApiRequest.swift */; };
		B4BFE2BF2B17D4DE00BC14DE /* CustomTableViewCell.swift in Sources */ = {isa = PBXBuildFile; fileRef = B4BFE2BE2B17D4DE00BC14DE /* CustomTableViewCell.swift */; };
		B4F6C5702B18871800577801 /* LoadView.swift in Sources */ = {isa = PBXBuildFile; fileRef = B4F6C56F2B18871800577801 /* LoadView.swift */; };
/* End PBXBuildFile section */

/* Begin PBXFileReference section */
		B422A6472B19C4D100535755 /* Info.plist */ = {isa = PBXFileReference; fileEncoding = 4; lastKnownFileType = text.plist.xml; path = Info.plist; sourceTree = "<group>"; };
		B44235D62B5F188900000182 /* LikeViewController.swift */ = {isa = PBXFileReference; lastKnownFileType = sourcecode.swift; path = LikeViewController.swift; sourceTree = "<group>"; };
		B44235D92B5F1A1E00000182 /* LikeViewCell.swift */ = {isa = PBXFileReference; lastKnownFileType = sourcecode.swift; path = LikeViewCell.swift; sourceTree = "<group>"; };
		B44235DC2B5F2FA000000182 /* Song.xcdatamodel */ = {isa = PBXFileReference; lastKnownFileType = wrapper.xcdatamodel; path = Song.xcdatamodel; sourceTree = "<group>"; };
		B44235DE2B5F303900000182 /* Song.swift */ = {isa = PBXFileReference; lastKnownFileType = sourcecode.swift; path = Song.swift; sourceTree = "<group>"; };
		B44235E02B5F308700000182 /* CoreDataStack.swift */ = {isa = PBXFileReference; lastKnownFileType = sourcecode.swift; path = CoreDataStack.swift; sourceTree = "<group>"; };
		B44235E22B5F323100000182 /* SongRepository.swift */ = {isa = PBXFileReference; lastKnownFileType = sourcecode.swift; path = SongRepository.swift; sourceTree = "<group>"; };
		B44842E92B18D3D000B204E4 /* AudioPlayerManager.swift */ = {isa = PBXFileReference; lastKnownFileType = sourcecode.swift; path = AudioPlayerManager.swift; sourceTree = "<group>"; };
		B4BFE2A02B17973200BC14DE /* iTunesSearchApp.app */ = {isa = PBXFileReference; explicitFileType = wrapper.application; includeInIndex = 0; path = iTunesSearchApp.app; sourceTree = BUILT_PRODUCTS_DIR; };
		B4BFE2A32B17973200BC14DE /* AppDelegate.swift */ = {isa = PBXFileReference; lastKnownFileType = sourcecode.swift; path = AppDelegate.swift; sourceTree = "<group>"; };
		B4BFE2A52B17973200BC14DE /* SceneDelegate.swift */ = {isa = PBXFileReference; lastKnownFileType = sourcecode.swift; path = SceneDelegate.swift; sourceTree = "<group>"; };
		B4BFE2A72B17973200BC14DE /* ViewController.swift */ = {isa = PBXFileReference; lastKnownFileType = sourcecode.swift; path = ViewController.swift; sourceTree = "<group>"; };
		B4BFE2AA2B17973300BC14DE /* Base */ = {isa = PBXFileReference; lastKnownFileType = file.storyboard; name = Base; path = Base.lproj/Main.storyboard; sourceTree = "<group>"; };
		B4BFE2AC2B17973700BC14DE /* Assets.xcassets */ = {isa = PBXFileReference; lastKnownFileType = folder.assetcatalog; path = Assets.xcassets; sourceTree = "<group>"; };
		B4BFE2AF2B17973700BC14DE /* Base */ = {isa = PBXFileReference; lastKnownFileType = file.storyboard; name = Base; path = Base.lproj/LaunchScreen.storyboard; sourceTree = "<group>"; };
		B4BFE2BA2B179F5000BC14DE /* SearchApiRequest.swift */ = {isa = PBXFileReference; lastKnownFileType = sourcecode.swift; path = SearchApiRequest.swift; sourceTree = "<group>"; };
		B4BFE2BE2B17D4DE00BC14DE /* CustomTableViewCell.swift */ = {isa = PBXFileReference; lastKnownFileType = sourcecode.swift; path = CustomTableViewCell.swift; sourceTree = "<group>"; };
		B4F6C56F2B18871800577801 /* LoadView.swift */ = {isa = PBXFileReference; lastKnownFileType = sourcecode.swift; path = LoadView.swift; sourceTree = "<group>"; };
/* End PBXFileReference section */

/* Begin PBXFrameworksBuildPhase section */
		B4BFE29D2B17973200BC14DE /* Frameworks */ = {
			isa = PBXFrameworksBuildPhase;
			buildActionMask = 2147483647;
			files = (
			);
			runOnlyForDeploymentPostprocessing = 0;
		};
/* End PBXFrameworksBuildPhase section */

/* Begin PBXGroup section */
		B4150B932B19655000A1710A /* Data */ = {
			isa = PBXGroup;
			children = (
				B4BFE2A32B17973200BC14DE /* AppDelegate.swift */,
				B4BFE2A52B17973200BC14DE /* SceneDelegate.swift */,
				B4BFE2AC2B17973700BC14DE /* Assets.xcassets */,
				B4BFE2AE2B17973700BC14DE /* LaunchScreen.storyboard */,
				B422A6472B19C4D100535755 /* Info.plist */,
			);
			path = Data;
			sourceTree = "<group>";
		};
		B44235D82B5F19B300000182 /* Cell */ = {
			isa = PBXGroup;
			children = (
				B4BFE2BE2B17D4DE00BC14DE /* CustomTableViewCell.swift */,
				B44235D92B5F1A1E00000182 /* LikeViewCell.swift */,
			);
			path = Cell;
			sourceTree = "<group>";
		};
		B4BFE2972B17973200BC14DE = {
			isa = PBXGroup;
			children = (
				B4BFE2A22B17973200BC14DE /* iTunesSearchApp */,
				B4BFE2A12B17973200BC14DE /* Products */,
			);
			sourceTree = "<group>";
		};
		B4BFE2A12B17973200BC14DE /* Products */ = {
			isa = PBXGroup;
			children = (
				B4BFE2A02B17973200BC14DE /* iTunesSearchApp.app */,
			);
			name = Products;
			sourceTree = "<group>";
		};
		B4BFE2A22B17973200BC14DE /* iTunesSearchApp */ = {
			isa = PBXGroup;
			children = (
				B4150B932B19655000A1710A /* Data */,
				B4BFE2B92B179CA400BC14DE /* Controller */,
				B4BFE2B72B179C5800BC14DE /* Model */,
				B4BFE2B82B179C7800BC14DE /* View */,
			);
			path = iTunesSearchApp;
			sourceTree = "<group>";
		};
		B4BFE2B72B179C5800BC14DE /* Model */ = {
			isa = PBXGroup;
			children = (
				B4BFE2BA2B179F5000BC14DE /* SearchApiRequest.swift */,
				B44842E92B18D3D000B204E4 /* AudioPlayerManager.swift */,
				B44235DB2B5F2FA000000182 /* Song.xcdatamodeld */,
				B44235DE2B5F303900000182 /* Song.swift */,
				B44235E02B5F308700000182 /* CoreDataStack.swift */,
				B44235E22B5F323100000182 /* SongRepository.swift */,
			);
			path = Model;
			sourceTree = "<group>";
		};
		B4BFE2B82B179C7800BC14DE /* View */ = {
			isa = PBXGroup;
			children = (
				B44235D82B5F19B300000182 /* Cell */,
				B4F6C56F2B18871800577801 /* LoadView.swift */,
			);
			path = View;
			sourceTree = "<group>";
		};
		B4BFE2B92B179CA400BC14DE /* Controller */ = {
			isa = PBXGroup;
			children = (
				B4BFE2A92B17973300BC14DE /* Main.storyboard */,
				B4BFE2A72B17973200BC14DE /* ViewController.swift */,
				B44235D62B5F188900000182 /* LikeViewController.swift */,
			);
			path = Controller;
			sourceTree = "<group>";
		};
/* End PBXGroup section */

/* Begin PBXNativeTarget section */
		B4BFE29F2B17973200BC14DE /* iTunesSearchApp */ = {
			isa = PBXNativeTarget;
			buildConfigurationList = B4BFE2B42B17973800BC14DE /* Build configuration list for PBXNativeTarget "iTunesSearchApp" */;
			buildPhases = (
				B4BFE29C2B17973200BC14DE /* Sources */,
				B4BFE29D2B17973200BC14DE /* Frameworks */,
				B4BFE29E2B17973200BC14DE /* Resources */,
			);
			buildRules = (
			);
			dependencies = (
			);
			name = iTunesSearchApp;
			productName = "iTunes Store Lookup App";
			productReference = B4BFE2A02B17973200BC14DE /* iTunesSearchApp.app */;
			productType = "com.apple.product-type.application";
		};
/* End PBXNativeTarget section */

/* Begin PBXProject section */
		B4BFE2982B17973200BC14DE /* Project object */ = {
			isa = PBXProject;
			attributes = {
				BuildIndependentTargetsInParallel = 1;
				LastSwiftUpdateCheck = 1500;
				LastUpgradeCheck = 1500;
				TargetAttributes = {
					B4BFE29F2B17973200BC14DE = {
						CreatedOnToolsVersion = 15.0.1;
					};
				};
			};
			buildConfigurationList = B4BFE29B2B17973200BC14DE /* Build configuration list for PBXProject "iTunesSearchApp" */;
			compatibilityVersion = "Xcode 14.0";
			developmentRegion = en;
			hasScannedForEncodings = 0;
			knownRegions = (
				en,
				Base,
			);
			mainGroup = B4BFE2972B17973200BC14DE;
			productRefGroup = B4BFE2A12B17973200BC14DE /* Products */;
			projectDirPath = "";
			projectRoot = "";
			targets = (
				B4BFE29F2B17973200BC14DE /* iTunesSearchApp */,
			);
		};
/* End PBXProject section */

/* Begin PBXResourcesBuildPhase section */
		B4BFE29E2B17973200BC14DE /* Resources */ = {
			isa = PBXResourcesBuildPhase;
			buildActionMask = 2147483647;
			files = (
				B4BFE2B02B17973700BC14DE /* LaunchScreen.storyboard in Resources */,
				B4BFE2AD2B17973700BC14DE /* Assets.xcassets in Resources */,
				B4BFE2AB2B17973300BC14DE /* Main.storyboard in Resources */,
			);
			runOnlyForDeploymentPostprocessing = 0;
		};
/* End PBXResourcesBuildPhase section */

/* Begin PBXSourcesBuildPhase section */
		B4BFE29C2B17973200BC14DE /* Sources */ = {
			isa = PBXSourcesBuildPhase;
			buildActionMask = 2147483647;
			files = (
				B4BFE2BF2B17D4DE00BC14DE /* CustomTableViewCell.swift in Sources */,
				B4BFE2A82B17973200BC14DE /* ViewController.swift in Sources */,
				B4F6C5702B18871800577801 /* LoadView.swift in Sources */,
				B44235E12B5F308700000182 /* CoreDataStack.swift in Sources */,
				B4BFE2A42B17973200BC14DE /* AppDelegate.swift in Sources */,
				B44235DA2B5F1A1E00000182 /* LikeViewCell.swift in Sources */,
				B44235DF2B5F303900000182 /* Song.swift in Sources */,
				B44235E32B5F323100000182 /* SongRepository.swift in Sources */,
				B4BFE2BB2B179F5000BC14DE /* SearchApiRequest.swift in Sources */,
				B44842EA2B18D3D000B204E4 /* AudioPlayerManager.swift in Sources */,
				B4BFE2A62B17973200BC14DE /* SceneDelegate.swift in Sources */,
				B44235DD2B5F2FA000000182 /* Song.xcdatamodeld in Sources */,
				B44235D72B5F188900000182 /* LikeViewController.swift in Sources */,
			);
			runOnlyForDeploymentPostprocessing = 0;
		};
/* End PBXSourcesBuildPhase section */

/* Begin PBXVariantGroup section */
		B4BFE2A92B17973300BC14DE /* Main.storyboard */ = {
			isa = PBXVariantGroup;
			children = (
				B4BFE2AA2B17973300BC14DE /* Base */,
			);
			name = Main.storyboard;
			sourceTree = "<group>";
		};
		B4BFE2AE2B17973700BC14DE /* LaunchScreen.storyboard */ = {
			isa = PBXVariantGroup;
			children = (
				B4BFE2AF2B17973700BC14DE /* Base */,
			);
			name = LaunchScreen.storyboard;
			sourceTree = "<group>";
		};
/* End PBXVariantGroup section */

/* Begin XCBuildConfiguration section */
		B4BFE2B22B17973800BC14DE /* Debug */ = {
			isa = XCBuildConfiguration;
			buildSettings = {
				ALWAYS_SEARCH_USER_PATHS = NO;
				ASSETCATALOG_COMPILER_GENERATE_SWIFT_ASSET_SYMBOL_EXTENSIONS = YES;
				CLANG_ANALYZER_NONNULL = YES;
				CLANG_ANALYZER_NUMBER_OBJECT_CONVERSION = YES_AGGRESSIVE;
				CLANG_CXX_LANGUAGE_STANDARD = "gnu++20";
				CLANG_ENABLE_MODULES = YES;
				CLANG_ENABLE_OBJC_ARC = YES;
				CLANG_ENABLE_OBJC_WEAK = YES;
				CLANG_WARN_BLOCK_CAPTURE_AUTORELEASING = YES;
				CLANG_WARN_BOOL_CONVERSION = YES;
				CLANG_WARN_COMMA = YES;
				CLANG_WARN_CONSTANT_CONVERSION = YES;
				CLANG_WARN_DEPRECATED_OBJC_IMPLEMENTATIONS = YES;
				CLANG_WARN_DIRECT_OBJC_ISA_USAGE = YES_ERROR;
				CLANG_WARN_DOCUMENTATION_COMMENTS = YES;
				CLANG_WARN_EMPTY_BODY = YES;
				CLANG_WARN_ENUM_CONVERSION = YES;
				CLANG_WARN_INFINITE_RECURSION = YES;
				CLANG_WARN_INT_CONVERSION = YES;
				CLANG_WARN_NON_LITERAL_NULL_CONVERSION = YES;
				CLANG_WARN_OBJC_IMPLICIT_RETAIN_SELF = YES;
				CLANG_WARN_OBJC_LITERAL_CONVERSION = YES;
				CLANG_WARN_OBJC_ROOT_CLASS = YES_ERROR;
				CLANG_WARN_QUOTED_INCLUDE_IN_FRAMEWORK_HEADER = YES;
				CLANG_WARN_RANGE_LOOP_ANALYSIS = YES;
				CLANG_WARN_STRICT_PROTOTYPES = YES;
				CLANG_WARN_SUSPICIOUS_MOVE = YES;
				CLANG_WARN_UNGUARDED_AVAILABILITY = YES_AGGRESSIVE;
				CLANG_WARN_UNREACHABLE_CODE = YES;
				CLANG_WARN__DUPLICATE_METHOD_MATCH = YES;
				COPY_PHASE_STRIP = NO;
				DEBUG_INFORMATION_FORMAT = dwarf;
				ENABLE_STRICT_OBJC_MSGSEND = YES;
				ENABLE_TESTABILITY = YES;
				ENABLE_USER_SCRIPT_SANDBOXING = YES;
				GCC_C_LANGUAGE_STANDARD = gnu17;
				GCC_DYNAMIC_NO_PIC = NO;
				GCC_NO_COMMON_BLOCKS = YES;
				GCC_OPTIMIZATION_LEVEL = 0;
				GCC_PREPROCESSOR_DEFINITIONS = (
					"DEBUG=1",
					"$(inherited)",
				);
				GCC_WARN_64_TO_32_BIT_CONVERSION = YES;
				GCC_WARN_ABOUT_RETURN_TYPE = YES_ERROR;
				GCC_WARN_UNDECLARED_SELECTOR = YES;
				GCC_WARN_UNINITIALIZED_AUTOS = YES_AGGRESSIVE;
				GCC_WARN_UNUSED_FUNCTION = YES;
				GCC_WARN_UNUSED_VARIABLE = YES;
				"INFOPLIST_FILE[sdk=*]" = "";
				IPHONEOS_DEPLOYMENT_TARGET = 17.0;
				LOCALIZATION_PREFERS_STRING_CATALOGS = YES;
				MTL_ENABLE_DEBUG_INFO = INCLUDE_SOURCE;
				MTL_FAST_MATH = YES;
				ONLY_ACTIVE_ARCH = YES;
				SDKROOT = iphoneos;
				SWIFT_ACTIVE_COMPILATION_CONDITIONS = "DEBUG $(inherited)";
				SWIFT_OPTIMIZATION_LEVEL = "-Onone";
			};
			name = Debug;
		};
		B4BFE2B32B17973800BC14DE /* Release */ = {
			isa = XCBuildConfiguration;
			buildSettings = {
				ALWAYS_SEARCH_USER_PATHS = NO;
				ASSETCATALOG_COMPILER_GENERATE_SWIFT_ASSET_SYMBOL_EXTENSIONS = YES;
				CLANG_ANALYZER_NONNULL = YES;
				CLANG_ANALYZER_NUMBER_OBJECT_CONVERSION = YES_AGGRESSIVE;
				CLANG_CXX_LANGUAGE_STANDARD = "gnu++20";
				CLANG_ENABLE_MODULES = YES;
				CLANG_ENABLE_OBJC_ARC = YES;
				CLANG_ENABLE_OBJC_WEAK = YES;
				CLANG_WARN_BLOCK_CAPTURE_AUTORELEASING = YES;
				CLANG_WARN_BOOL_CONVERSION = YES;
				CLANG_WARN_COMMA = YES;
				CLANG_WARN_CONSTANT_CONVERSION = YES;
				CLANG_WARN_DEPRECATED_OBJC_IMPLEMENTATIONS = YES;
				CLANG_WARN_DIRECT_OBJC_ISA_USAGE = YES_ERROR;
				CLANG_WARN_DOCUMENTATION_COMMENTS = YES;
				CLANG_WARN_EMPTY_BODY = YES;
				CLANG_WARN_ENUM_CONVERSION = YES;
				CLANG_WARN_INFINITE_RECURSION = YES;
				CLANG_WARN_INT_CONVERSION = YES;
				CLANG_WARN_NON_LITERAL_NULL_CONVERSION = YES;
				CLANG_WARN_OBJC_IMPLICIT_RETAIN_SELF = YES;
				CLANG_WARN_OBJC_LITERAL_CONVERSION = YES;
				CLANG_WARN_OBJC_ROOT_CLASS = YES_ERROR;
				CLANG_WARN_QUOTED_INCLUDE_IN_FRAMEWORK_HEADER = YES;
				CLANG_WARN_RANGE_LOOP_ANALYSIS = YES;
				CLANG_WARN_STRICT_PROTOTYPES = YES;
				CLANG_WARN_SUSPICIOUS_MOVE = YES;
				CLANG_WARN_UNGUARDED_AVAILABILITY = YES_AGGRESSIVE;
				CLANG_WARN_UNREACHABLE_CODE = YES;
				CLANG_WARN__DUPLICATE_METHOD_MATCH = YES;
				COPY_PHASE_STRIP = NO;
				DEBUG_INFORMATION_FORMAT = "dwarf-with-dsym";
				ENABLE_NS_ASSERTIONS = NO;
				ENABLE_STRICT_OBJC_MSGSEND = YES;
				ENABLE_USER_SCRIPT_SANDBOXING = YES;
				GCC_C_LANGUAGE_STANDARD = gnu17;
				GCC_NO_COMMON_BLOCKS = YES;
				GCC_WARN_64_TO_32_BIT_CONVERSION = YES;
				GCC_WARN_ABOUT_RETURN_TYPE = YES_ERROR;
				GCC_WARN_UNDECLARED_SELECTOR = YES;
				GCC_WARN_UNINITIALIZED_AUTOS = YES_AGGRESSIVE;
				GCC_WARN_UNUSED_FUNCTION = YES;
				GCC_WARN_UNUSED_VARIABLE = YES;
				INFOPLIST_FILE = "";
				IPHONEOS_DEPLOYMENT_TARGET = 17.0;
				LOCALIZATION_PREFERS_STRING_CATALOGS = YES;
				MTL_ENABLE_DEBUG_INFO = NO;
				MTL_FAST_MATH = YES;
				SDKROOT = iphoneos;
				SWIFT_COMPILATION_MODE = wholemodule;
				VALIDATE_PRODUCT = YES;
			};
			name = Release;
		};
		B4BFE2B52B17973800BC14DE /* Debug */ = {
			isa = XCBuildConfiguration;
			buildSettings = {
				ASSETCATALOG_COMPILER_APPICON_NAME = AppIcon;
				ASSETCATALOG_COMPILER_GLOBAL_ACCENT_COLOR_NAME = AccentColor;
				CODE_SIGN_STYLE = Automatic;
				CURRENT_PROJECT_VERSION = 1;
				DEVELOPMENT_TEAM = 285377BMM7;
				GENERATE_INFOPLIST_FILE = YES;
				INFOPLIST_FILE = "";
				"INFOPLIST_FILE[sdk=*]" = iTunesSearchApp/Data/Info.plist;
				INFOPLIST_KEY_UIApplicationSupportsIndirectInputEvents = YES;
				INFOPLIST_KEY_UILaunchStoryboardName = LaunchScreen;
				INFOPLIST_KEY_UIMainStoryboardFile = Main;
				INFOPLIST_KEY_UISupportedInterfaceOrientations = UIInterfaceOrientationPortrait;
				LD_RUNPATH_SEARCH_PATHS = (
					"$(inherited)",
					"@executable_path/Frameworks",
				);
				MARKETING_VERSION = 1.0;
				PRODUCT_BUNDLE_IDENTIFIER = Lionel.iTunesSearchApp;
				PRODUCT_NAME = "$(TARGET_NAME)";
				SWIFT_EMIT_LOC_STRINGS = YES;
				SWIFT_VERSION = 5.0;
				TARGETED_DEVICE_FAMILY = "1,2";
			};
			name = Debug;
		};
		B4BFE2B62B17973800BC14DE /* Release */ = {
			isa = XCBuildConfiguration;
			buildSettings = {
				ASSETCATALOG_COMPILER_APPICON_NAME = AppIcon;
				ASSETCATALOG_COMPILER_GLOBAL_ACCENT_COLOR_NAME = AccentColor;
				CODE_SIGN_STYLE = Automatic;
				CURRENT_PROJECT_VERSION = 1;
				DEVELOPMENT_TEAM = 285377BMM7;
				GENERATE_INFOPLIST_FILE = YES;
				INFOPLIST_FILE = iTunesSearchApp/Data/Info.plist;
				INFOPLIST_KEY_UIApplicationSupportsIndirectInputEvents = YES;
				INFOPLIST_KEY_UILaunchStoryboardName = LaunchScreen;
				INFOPLIST_KEY_UIMainStoryboardFile = Main;
				INFOPLIST_KEY_UISupportedInterfaceOrientations = UIInterfaceOrientationPortrait;
				LD_RUNPATH_SEARCH_PATHS = (
					"$(inherited)",
					"@executable_path/Frameworks",
				);
				MARKETING_VERSION = 1.0;
				PRODUCT_BUNDLE_IDENTIFIER = Lionel.iTunesSearchApp;
				PRODUCT_NAME = "$(TARGET_NAME)";
				SWIFT_EMIT_LOC_STRINGS = YES;
				SWIFT_VERSION = 5.0;
				TARGETED_DEVICE_FAMILY = "1,2";
			};
			name = Release;
		};
/* End XCBuildConfiguration section */

/* Begin XCConfigurationList section */
		B4BFE29B2B17973200BC14DE /* Build configuration list for PBXProject "iTunesSearchApp" */ = {
			isa = XCConfigurationList;
			buildConfigurations = (
				B4BFE2B22B17973800BC14DE /* Debug */,
				B4BFE2B32B17973800BC14DE /* Release */,
			);
			defaultConfigurationIsVisible = 0;
			defaultConfigurationName = Release;
		};
		B4BFE2B42B17973800BC14DE /* Build configuration list for PBXNativeTarget "iTunesSearchApp" */ = {
			isa = XCConfigurationList;
			buildConfigurations = (
				B4BFE2B52B17973800BC14DE /* Debug */,
				B4BFE2B62B17973800BC14DE /* Release */,
			);
			defaultConfigurationIsVisible = 0;
			defaultConfigurationName = Release;
		};
/* End XCConfigurationList section */

/* Begin XCVersionGroup section */
		B44235DB2B5F2FA000000182 /* Song.xcdatamodeld */ = {
			isa = XCVersionGroup;
			children = (
				B44235DC2B5F2FA000000182 /* Song.xcdatamodel */,
			);
			currentVersion = B44235DC2B5F2FA000000182 /* Song.xcdatamodel */;
			path = Song.xcdatamodeld;
			sourceTree = "<group>";
			versionGroupType = wrapper.xcdatamodel;
		};
/* End XCVersionGroup section */
	};
	rootObject = B4BFE2982B17973200BC14DE /* Project object */;
}
